// !$*UTF8*$!
{
	archiveVersion = 1;
	classes = {
	};
	objectVersion = 51;
	objects = {

/* Begin PBXBuildFile section */
		A23DA1E3253B273A0083BEAD /* RegisterViewController.swift in Sources */ = {isa = PBXBuildFile; fileRef = A23DA1E2253B273A0083BEAD /* RegisterViewController.swift */; };
		A23DA1E5253B27880083BEAD /* LoginViewController.swift in Sources */ = {isa = PBXBuildFile; fileRef = A23DA1E4253B27880083BEAD /* LoginViewController.swift */; };
		A29A3EBB253B1E4A008C2659 /* AppDelegate.swift in Sources */ = {isa = PBXBuildFile; fileRef = A29A3EBA253B1E4A008C2659 /* AppDelegate.swift */; };
		A29A3EBD253B1E4A008C2659 /* SceneDelegate.swift in Sources */ = {isa = PBXBuildFile; fileRef = A29A3EBC253B1E4A008C2659 /* SceneDelegate.swift */; };
		A29A3EBF253B1E4A008C2659 /* WelcomeViewController.swift in Sources */ = {isa = PBXBuildFile; fileRef = A29A3EBE253B1E4A008C2659 /* WelcomeViewController.swift */; };
		A29A3EC2253B1E4A008C2659 /* Main.storyboard in Resources */ = {isa = PBXBuildFile; fileRef = A29A3EC0253B1E4A008C2659 /* Main.storyboard */; };
		A29A3EC4253B1E50008C2659 /* Assets.xcassets in Resources */ = {isa = PBXBuildFile; fileRef = A29A3EC3253B1E50008C2659 /* Assets.xcassets */; };
		A29A3EC7253B1E50008C2659 /* LaunchScreen.storyboard in Resources */ = {isa = PBXBuildFile; fileRef = A29A3EC5253B1E50008C2659 /* LaunchScreen.storyboard */; };
		A29A3ED3253B1EA7008C2659 /* Constants.swift in Sources */ = {isa = PBXBuildFile; fileRef = A29A3ED2253B1EA7008C2659 /* Constants.swift */; };
		A2FF0D42253D6A2E00849CB7 /* ToDoViewController.swift in Sources */ = {isa = PBXBuildFile; fileRef = A2FF0D41253D6A2E00849CB7 /* ToDoViewController.swift */; };
		DA178A524F8450AD73AC63D0 /* Pods_ToDoApp.framework in Frameworks */ = {isa = PBXBuildFile; fileRef = A629135276A8E201E0A5D0B0 /* Pods_ToDoApp.framework */; };
/* End PBXBuildFile section */

/* Begin PBXFileReference section */
		7F99E1D5F55DCD94E9D03DD4 /* Pods-ToDoApp.debug.xcconfig */ = {isa = PBXFileReference; includeInIndex = 1; lastKnownFileType = text.xcconfig; name = "Pods-ToDoApp.debug.xcconfig"; path = "Target Support Files/Pods-ToDoApp/Pods-ToDoApp.debug.xcconfig"; sourceTree = "<group>"; };
		A23DA1E2253B273A0083BEAD /* RegisterViewController.swift */ = {isa = PBXFileReference; lastKnownFileType = sourcecode.swift; path = RegisterViewController.swift; sourceTree = "<group>"; };
		A23DA1E4253B27880083BEAD /* LoginViewController.swift */ = {isa = PBXFileReference; lastKnownFileType = sourcecode.swift; path = LoginViewController.swift; sourceTree = "<group>"; };
		A29A3EB7253B1E4A008C2659 /* ToDoApp.app */ = {isa = PBXFileReference; explicitFileType = wrapper.application; includeInIndex = 0; path = ToDoApp.app; sourceTree = BUILT_PRODUCTS_DIR; };
		A29A3EBA253B1E4A008C2659 /* AppDelegate.swift */ = {isa = PBXFileReference; lastKnownFileType = sourcecode.swift; path = AppDelegate.swift; sourceTree = "<group>"; };
		A29A3EBC253B1E4A008C2659 /* SceneDelegate.swift */ = {isa = PBXFileReference; lastKnownFileType = sourcecode.swift; path = SceneDelegate.swift; sourceTree = "<group>"; };
		A29A3EBE253B1E4A008C2659 /* WelcomeViewController.swift */ = {isa = PBXFileReference; lastKnownFileType = sourcecode.swift; path = WelcomeViewController.swift; sourceTree = "<group>"; };
		A29A3EC1253B1E4A008C2659 /* Base */ = {isa = PBXFileReference; lastKnownFileType = file.storyboard; name = Base; path = Base.lproj/Main.storyboard; sourceTree = "<group>"; };
		A29A3EC3253B1E50008C2659 /* Assets.xcassets */ = {isa = PBXFileReference; lastKnownFileType = folder.assetcatalog; path = Assets.xcassets; sourceTree = "<group>"; };
		A29A3EC6253B1E50008C2659 /* Base */ = {isa = PBXFileReference; lastKnownFileType = file.storyboard; name = Base; path = Base.lproj/LaunchScreen.storyboard; sourceTree = "<group>"; };
		A29A3EC8253B1E50008C2659 /* Info.plist */ = {isa = PBXFileReference; lastKnownFileType = text.plist.xml; path = Info.plist; sourceTree = "<group>"; };
		A29A3ED2253B1EA7008C2659 /* Constants.swift */ = {isa = PBXFileReference; lastKnownFileType = sourcecode.swift; path = Constants.swift; sourceTree = "<group>"; };
		A2FF0D41253D6A2E00849CB7 /* ToDoViewController.swift */ = {isa = PBXFileReference; lastKnownFileType = sourcecode.swift; path = ToDoViewController.swift; sourceTree = "<group>"; };
		A629135276A8E201E0A5D0B0 /* Pods_ToDoApp.framework */ = {isa = PBXFileReference; explicitFileType = wrapper.framework; includeInIndex = 0; path = Pods_ToDoApp.framework; sourceTree = BUILT_PRODUCTS_DIR; };
		FB47E1B8E0CFAD9795690EE6 /* Pods-ToDoApp.release.xcconfig */ = {isa = PBXFileReference; includeInIndex = 1; lastKnownFileType = text.xcconfig; name = "Pods-ToDoApp.release.xcconfig"; path = "Target Support Files/Pods-ToDoApp/Pods-ToDoApp.release.xcconfig"; sourceTree = "<group>"; };
/* End PBXFileReference section */

/* Begin PBXFrameworksBuildPhase section */
		A29A3EB4253B1E4A008C2659 /* Frameworks */ = {
			isa = PBXFrameworksBuildPhase;
			buildActionMask = 2147483647;
			files = (
				DA178A524F8450AD73AC63D0 /* Pods_ToDoApp.framework in Frameworks */,
			);
			runOnlyForDeploymentPostprocessing = 0;
		};
/* End PBXFrameworksBuildPhase section */

/* Begin PBXGroup section */
		A29A3EAE253B1E4A008C2659 = {
			isa = PBXGroup;
			children = (
				A29A3EB9253B1E4A008C2659 /* ToDoApp */,
				A29A3EB8253B1E4A008C2659 /* Products */,
				D402261C52FEE2C3F91FCAC5 /* Pods */,
				DC8509A4C39CFAEFEFD68C2B /* Frameworks */,
			);
			sourceTree = "<group>";
		};
		A29A3EB8253B1E4A008C2659 /* Products */ = {
			isa = PBXGroup;
			children = (
				A29A3EB7253B1E4A008C2659 /* ToDoApp.app */,
			);
			name = Products;
			sourceTree = "<group>";
		};
		A29A3EB9253B1E4A008C2659 /* ToDoApp */ = {
			isa = PBXGroup;
			children = (
				A29A3EBA253B1E4A008C2659 /* AppDelegate.swift */,
				A29A3EBC253B1E4A008C2659 /* SceneDelegate.swift */,
				A29A3ED0253B1E79008C2659 /* Models */,
				A29A3ECF253B1E6F008C2659 /* Views */,
				A29A3ECE253B1E5E008C2659 /* Controllers */,
				A29A3EC3253B1E50008C2659 /* Assets.xcassets */,
				A29A3EC5253B1E50008C2659 /* LaunchScreen.storyboard */,
				A29A3EC8253B1E50008C2659 /* Info.plist */,
				A29A3ED2253B1EA7008C2659 /* Constants.swift */,
			);
			path = ToDoApp;
			sourceTree = "<group>";
		};
		A29A3ECE253B1E5E008C2659 /* Controllers */ = {
			isa = PBXGroup;
			children = (
				A29A3EBE253B1E4A008C2659 /* WelcomeViewController.swift */,
				A23DA1E2253B273A0083BEAD /* RegisterViewController.swift */,
				A23DA1E4253B27880083BEAD /* LoginViewController.swift */,
				A2FF0D41253D6A2E00849CB7 /* ToDoViewController.swift */,
			);
			path = Controllers;
			sourceTree = "<group>";
		};
		A29A3ECF253B1E6F008C2659 /* Views */ = {
			isa = PBXGroup;
			children = (
				A29A3EC0253B1E4A008C2659 /* Main.storyboard */,
			);
			path = Views;
			sourceTree = "<group>";
		};
		A29A3ED0253B1E79008C2659 /* Models */ = {
			isa = PBXGroup;
			children = (
			);
			path = Models;
			sourceTree = "<group>";
		};
		D402261C52FEE2C3F91FCAC5 /* Pods */ = {
			isa = PBXGroup;
			children = (
				7F99E1D5F55DCD94E9D03DD4 /* Pods-ToDoApp.debug.xcconfig */,
				FB47E1B8E0CFAD9795690EE6 /* Pods-ToDoApp.release.xcconfig */,
			);
			path = Pods;
			sourceTree = "<group>";
		};
		DC8509A4C39CFAEFEFD68C2B /* Frameworks */ = {
			isa = PBXGroup;
			children = (
				A629135276A8E201E0A5D0B0 /* Pods_ToDoApp.framework */,
			);
			name = Frameworks;
			sourceTree = "<group>";
		};
/* End PBXGroup section */

/* Begin PBXNativeTarget section */
		A29A3EB6253B1E4A008C2659 /* ToDoApp */ = {
			isa = PBXNativeTarget;
			buildConfigurationList = A29A3ECB253B1E50008C2659 /* Build configuration list for PBXNativeTarget "ToDoApp" */;
			buildPhases = (
				AF15EFC255C18974210E5F0B /* [CP] Check Pods Manifest.lock */,
				A29A3EB3253B1E4A008C2659 /* Sources */,
				A29A3EB4253B1E4A008C2659 /* Frameworks */,
				A29A3EB5253B1E4A008C2659 /* Resources */,
				4EB9B4F2948F8B3CBADC897C /* [CP] Embed Pods Frameworks */,
			);
			buildRules = (
			);
			dependencies = (
			);
			name = ToDoApp;
			productName = ToDoApp;
			productReference = A29A3EB7253B1E4A008C2659 /* ToDoApp.app */;
			productType = "com.apple.product-type.application";
		};
/* End PBXNativeTarget section */

/* Begin PBXProject section */
		A29A3EAF253B1E4A008C2659 /* Project object */ = {
			isa = PBXProject;
			attributes = {
				LastSwiftUpdateCheck = 1140;
				LastUpgradeCheck = 1140;
				ORGANIZATIONNAME = Syimyk;
				TargetAttributes = {
					A29A3EB6253B1E4A008C2659 = {
						CreatedOnToolsVersion = 11.4.1;
					};
				};
			};
			buildConfigurationList = A29A3EB2253B1E4A008C2659 /* Build configuration list for PBXProject "ToDoApp" */;
			compatibilityVersion = "Xcode 9.3";
			developmentRegion = en;
			hasScannedForEncodings = 0;
			knownRegions = (
				en,
				Base,
			);
			mainGroup = A29A3EAE253B1E4A008C2659;
			productRefGroup = A29A3EB8253B1E4A008C2659 /* Products */;
			projectDirPath = "";
			projectRoot = "";
			targets = (
				A29A3EB6253B1E4A008C2659 /* ToDoApp */,
			);
		};
/* End PBXProject section */

/* Begin PBXResourcesBuildPhase section */
		A29A3EB5253B1E4A008C2659 /* Resources */ = {
			isa = PBXResourcesBuildPhase;
			buildActionMask = 2147483647;
			files = (
				A29A3EC7253B1E50008C2659 /* LaunchScreen.storyboard in Resources */,
				A29A3EC4253B1E50008C2659 /* Assets.xcassets in Resources */,
				A29A3EC2253B1E4A008C2659 /* Main.storyboard in Resources */,
			);
			runOnlyForDeploymentPostprocessing = 0;
		};
/* End PBXResourcesBuildPhase section */

/* Begin PBXShellScriptBuildPhase section */
		4EB9B4F2948F8B3CBADC897C /* [CP] Embed Pods Frameworks */ = {
			isa = PBXShellScriptBuildPhase;
			buildActionMask = 2147483647;
			files = (
			);
			inputFileListPaths = (
				"${PODS_ROOT}/Target Support Files/Pods-ToDoApp/Pods-ToDoApp-frameworks-${CONFIGURATION}-input-files.xcfilelist",
			);
			name = "[CP] Embed Pods Frameworks";
			outputFileListPaths = (
				"${PODS_ROOT}/Target Support Files/Pods-ToDoApp/Pods-ToDoApp-frameworks-${CONFIGURATION}-output-files.xcfilelist",
			);
			runOnlyForDeploymentPostprocessing = 0;
			shellPath = /bin/sh;
			shellScript = "\"${PODS_ROOT}/Target Support Files/Pods-ToDoApp/Pods-ToDoApp-frameworks.sh\"\n";
			showEnvVarsInLog = 0;
		};
		AF15EFC255C18974210E5F0B /* [CP] Check Pods Manifest.lock */ = {
			isa = PBXShellScriptBuildPhase;
			buildActionMask = 2147483647;
			files = (
			);
			inputFileListPaths = (
			);
			inputPaths = (
				"${PODS_PODFILE_DIR_PATH}/Podfile.lock",
				"${PODS_ROOT}/Manifest.lock",
			);
			name = "[CP] Check Pods Manifest.lock";
			outputFileListPaths = (
			);
			outputPaths = (
				"$(DERIVED_FILE_DIR)/Pods-ToDoApp-checkManifestLockResult.txt",
			);
			runOnlyForDeploymentPostprocessing = 0;
			shellPath = /bin/sh;
			shellScript = "diff \"${PODS_PODFILE_DIR_PATH}/Podfile.lock\" \"${PODS_ROOT}/Manifest.lock\" > /dev/null\nif [ $? != 0 ] ; then\n    # print error to STDERR\n    echo \"error: The sandbox is not in sync with the Podfile.lock. Run 'pod install' or update your CocoaPods installation.\" >&2\n    exit 1\nfi\n# This output is used by Xcode 'outputs' to avoid re-running this script phase.\necho \"SUCCESS\" > \"${SCRIPT_OUTPUT_FILE_0}\"\n";
			showEnvVarsInLog = 0;
		};
/* End PBXShellScriptBuildPhase section */

/* Begin PBXSourcesBuildPhase section */
		A29A3EB3253B1E4A008C2659 /* Sources */ = {
			isa = PBXSourcesBuildPhase;
			buildActionMask = 2147483647;
			files = (
				A23DA1E5253B27880083BEAD /* LoginViewController.swift in Sources */,
				A29A3EBF253B1E4A008C2659 /* WelcomeViewController.swift in Sources */,
				A23DA1E3253B273A0083BEAD /* RegisterViewController.swift in Sources */,
				A29A3EBB253B1E4A008C2659 /* AppDelegate.swift in Sources */,
				A29A3EBD253B1E4A008C2659 /* SceneDelegate.swift in Sources */,
				A29A3ED3253B1EA7008C2659 /* Constants.swift in Sources */,
				A2FF0D42253D6A2E00849CB7 /* ToDoViewController.swift in Sources */,
			);
			runOnlyForDeploymentPostprocessing = 0;
		};
/* End PBXSourcesBuildPhase section */

/* Begin PBXVariantGroup section */
		A29A3EC0253B1E4A008C2659 /* Main.storyboard */ = {
			isa = PBXVariantGroup;
			children = (
				A29A3EC1253B1E4A008C2659 /* Base */,
			);
			name = Main.storyboard;
			sourceTree = "<group>";
		};
		A29A3EC5253B1E50008C2659 /* LaunchScreen.storyboard */ = {
			isa = PBXVariantGroup;
			children = (
				A29A3EC6253B1E50008C2659 /* Base */,
			);
			name = LaunchScreen.storyboard;
			sourceTree = "<group>";
		};
/* End PBXVariantGroup section */

/* Begin XCBuildConfiguration section */
		A29A3EC9253B1E50008C2659 /* Debug */ = {
			isa = XCBuildConfiguration;
			buildSettings = {
				ALWAYS_SEARCH_USER_PATHS = NO;
				CLANG_ANALYZER_NONNULL = YES;
				CLANG_ANALYZER_NUMBER_OBJECT_CONVERSION = YES_AGGRESSIVE;
				CLANG_CXX_LANGUAGE_STANDARD = "gnu++14";
				CLANG_CXX_LIBRARY = "libc++";
				CLANG_ENABLE_MODULES = YES;
				CLANG_ENABLE_OBJC_ARC = YES;
				CLANG_ENABLE_OBJC_WEAK = YES;
				CLANG_WARN_BLOCK_CAPTURE_AUTORELEASING = YES;
				CLANG_WARN_BOOL_CONVERSION = YES;
				CLANG_WARN_COMMA = YES;
				CLANG_WARN_CONSTANT_CONVERSION = YES;
				CLANG_WARN_DEPRECATED_OBJC_IMPLEMENTATIONS = YES;
				CLANG_WARN_DIRECT_OBJC_ISA_USAGE = YES_ERROR;
				CLANG_WARN_DOCUMENTATION_COMMENTS = YES;
				CLANG_WARN_EMPTY_BODY = YES;
				CLANG_WARN_ENUM_CONVERSION = YES;
				CLANG_WARN_INFINITE_RECURSION = YES;
				CLANG_WARN_INT_CONVERSION = YES;
				CLANG_WARN_NON_LITERAL_NULL_CONVERSION = YES;
				CLANG_WARN_OBJC_IMPLICIT_RETAIN_SELF = YES;
				CLANG_WARN_OBJC_LITERAL_CONVERSION = YES;
				CLANG_WARN_OBJC_ROOT_CLASS = YES_ERROR;
				CLANG_WARN_RANGE_LOOP_ANALYSIS = YES;
				CLANG_WARN_STRICT_PROTOTYPES = YES;
				CLANG_WARN_SUSPICIOUS_MOVE = YES;
				CLANG_WARN_UNGUARDED_AVAILABILITY = YES_AGGRESSIVE;
				CLANG_WARN_UNREACHABLE_CODE = YES;
				CLANG_WARN__DUPLICATE_METHOD_MATCH = YES;
				COPY_PHASE_STRIP = NO;
				DEBUG_INFORMATION_FORMAT = dwarf;
				ENABLE_STRICT_OBJC_MSGSEND = YES;
				ENABLE_TESTABILITY = YES;
				GCC_C_LANGUAGE_STANDARD = gnu11;
				GCC_DYNAMIC_NO_PIC = NO;
				GCC_NO_COMMON_BLOCKS = YES;
				GCC_OPTIMIZATION_LEVEL = 0;
				GCC_PREPROCESSOR_DEFINITIONS = (
					"DEBUG=1",
					"$(inherited)",
				);
				GCC_WARN_64_TO_32_BIT_CONVERSION = YES;
				GCC_WARN_ABOUT_RETURN_TYPE = YES_ERROR;
				GCC_WARN_UNDECLARED_SELECTOR = YES;
				GCC_WARN_UNINITIALIZED_AUTOS = YES_AGGRESSIVE;
				GCC_WARN_UNUSED_FUNCTION = YES;
				GCC_WARN_UNUSED_VARIABLE = YES;
				IPHONEOS_DEPLOYMENT_TARGET = 13.4;
				MTL_ENABLE_DEBUG_INFO = INCLUDE_SOURCE;
				MTL_FAST_MATH = YES;
				ONLY_ACTIVE_ARCH = YES;
				SDKROOT = iphoneos;
				SWIFT_ACTIVE_COMPILATION_CONDITIONS = DEBUG;
				SWIFT_OPTIMIZATION_LEVEL = "-Onone";
			};
			name = Debug;
		};
		A29A3ECA253B1E50008C2659 /* Release */ = {
			isa = XCBuildConfiguration;
			buildSettings = {
				ALWAYS_SEARCH_USER_PATHS = NO;
				CLANG_ANALYZER_NONNULL = YES;
				CLANG_ANALYZER_NUMBER_OBJECT_CONVERSION = YES_AGGRESSIVE;
				CLANG_CXX_LANGUAGE_STANDARD = "gnu++14";
				CLANG_CXX_LIBRARY = "libc++";
				CLANG_ENABLE_MODULES = YES;
				CLANG_ENABLE_OBJC_ARC = YES;
				CLANG_ENABLE_OBJC_WEAK = YES;
				CLANG_WARN_BLOCK_CAPTURE_AUTORELEASING = YES;
				CLANG_WARN_BOOL_CONVERSION = YES;
				CLANG_WARN_COMMA = YES;
				CLANG_WARN_CONSTANT_CONVERSION = YES;
				CLANG_WARN_DEPRECATED_OBJC_IMPLEMENTATIONS = YES;
				CLANG_WARN_DIRECT_OBJC_ISA_USAGE = YES_ERROR;
				CLANG_WARN_DOCUMENTATION_COMMENTS = YES;
				CLANG_WARN_EMPTY_BODY = YES;
				CLANG_WARN_ENUM_CONVERSION = YES;
				CLANG_WARN_INFINITE_RECURSION = YES;
				CLANG_WARN_INT_CONVERSION = YES;
				CLANG_WARN_NON_LITERAL_NULL_CONVERSION = YES;
				CLANG_WARN_OBJC_IMPLICIT_RETAIN_SELF = YES;
				CLANG_WARN_OBJC_LITERAL_CONVERSION = YES;
				CLANG_WARN_OBJC_ROOT_CLASS = YES_ERROR;
				CLANG_WARN_RANGE_LOOP_ANALYSIS = YES;
				CLANG_WARN_STRICT_PROTOTYPES = YES;
				CLANG_WARN_SUSPICIOUS_MOVE = YES;
				CLANG_WARN_UNGUARDED_AVAILABILITY = YES_AGGRESSIVE;
				CLANG_WARN_UNREACHABLE_CODE = YES;
				CLANG_WARN__DUPLICATE_METHOD_MATCH = YES;
				COPY_PHASE_STRIP = NO;
				DEBUG_INFORMATION_FORMAT = "dwarf-with-dsym";
				ENABLE_NS_ASSERTIONS = NO;
				ENABLE_STRICT_OBJC_MSGSEND = YES;
				GCC_C_LANGUAGE_STANDARD = gnu11;
				GCC_NO_COMMON_BLOCKS = YES;
				GCC_WARN_64_TO_32_BIT_CONVERSION = YES;
				GCC_WARN_ABOUT_RETURN_TYPE = YES_ERROR;
				GCC_WARN_UNDECLARED_SELECTOR = YES;
				GCC_WARN_UNINITIALIZED_AUTOS = YES_AGGRESSIVE;
				GCC_WARN_UNUSED_FUNCTION = YES;
				GCC_WARN_UNUSED_VARIABLE = YES;
				IPHONEOS_DEPLOYMENT_TARGET = 13.4;
				MTL_ENABLE_DEBUG_INFO = NO;
				MTL_FAST_MATH = YES;
				SDKROOT = iphoneos;
				SWIFT_COMPILATION_MODE = wholemodule;
				SWIFT_OPTIMIZATION_LEVEL = "-O";
				VALIDATE_PRODUCT = YES;
			};
			name = Release;
		};
		A29A3ECC253B1E50008C2659 /* Debug */ = {
			isa = XCBuildConfiguration;
			baseConfigurationReference = 7F99E1D5F55DCD94E9D03DD4 /* Pods-ToDoApp.debug.xcconfig */;
			buildSettings = {
				ASSETCATALOG_COMPILER_APPICON_NAME = AppIcon;
				CODE_SIGN_STYLE = Automatic;
				INFOPLIST_FILE = ToDoApp/Info.plist;
				LD_RUNPATH_SEARCH_PATHS = (
					"$(inherited)",
					"@executable_path/Frameworks",
				);
				PRODUCT_BUNDLE_IDENTIFIER = co.syimyk.ToDoApp;
				PRODUCT_NAME = "$(TARGET_NAME)";
				SWIFT_VERSION = 5.0;
				TARGETED_DEVICE_FAMILY = "1,2";
			};
			name = Debug;
		};
		A29A3ECD253B1E50008C2659 /* Release */ = {
			isa = XCBuildConfiguration;
			baseConfigurationReference = FB47E1B8E0CFAD9795690EE6 /* Pods-ToDoApp.release.xcconfig */;
			buildSettings = {
				ASSETCATALOG_COMPILER_APPICON_NAME = AppIcon;
				CODE_SIGN_STYLE = Automatic;
				INFOPLIST_FILE = ToDoApp/Info.plist;
				LD_RUNPATH_SEARCH_PATHS = (
					"$(inherited)",
					"@executable_path/Frameworks",
				);
				PRODUCT_BUNDLE_IDENTIFIER = co.syimyk.ToDoApp;
				PRODUCT_NAME = "$(TARGET_NAME)";
				SWIFT_VERSION = 5.0;
				TARGETED_DEVICE_FAMILY = "1,2";
			};
			name = Release;
		};
/* End XCBuildConfiguration section */

/* Begin XCConfigurationList section */
		A29A3EB2253B1E4A008C2659 /* Build configuration list for PBXProject "ToDoApp" */ = {
			isa = XCConfigurationList;
			buildConfigurations = (
				A29A3EC9253B1E50008C2659 /* Debug */,
				A29A3ECA253B1E50008C2659 /* Release */,
			);
			defaultConfigurationIsVisible = 0;
			defaultConfigurationName = Release;
		};
		A29A3ECB253B1E50008C2659 /* Build configuration list for PBXNativeTarget "ToDoApp" */ = {
			isa = XCConfigurationList;
			buildConfigurations = (
				A29A3ECC253B1E50008C2659 /* Debug */,
				A29A3ECD253B1E50008C2659 /* Release */,
			);
			defaultConfigurationIsVisible = 0;
			defaultConfigurationName = Release;
		};
/* End XCConfigurationList section */
	};
	rootObject = A29A3EAF253B1E4A008C2659 /* Project object */;
}
